
Microsoft Visual Studio Solution File, Format Version 12.00
# Visual Studio Version 17
VisualStudioVersion = 17.12.35527.113 d17.12
MinimumVisualStudioVersion = 10.0.40219.1
Project("{FAE04EC0-301F-11D3-BF4B-00C04F79EFBC}") = "HashTableDemo", "HashTableDemo\HashTableDemo.csproj", "{4A2E11B9-BE16-40E4-A1E0-73F9242E90E3}"
EndProject
Project("{FAE04EC0-301F-11D3-BF4B-00C04F79EFBC}") = "HashTableLib", "HashTableLib\HashTableLib.csproj", "{DEA6F490-7B1D-47AA-A2B1-18CAADC1DC8F}"
EndProject
Project("{FAE04EC0-301F-11D3-BF4B-00C04F79EFBC}") = "HashTableTests", "HashTableTests\HashTableTests.csproj", "{45824FBE-E2C9-46EC-A485-52C73D562925}"
EndProject
Global
	GlobalSection(SolutionConfigurationPlatforms) = preSolution
		Debug|Any CPU = Debug|Any CPU
		Release|Any CPU = Release|Any CPU
	EndGlobalSection
	GlobalSection(ProjectConfigurationPlatforms) = postSolution
		{4A2E11B9-BE16-40E4-A1E0-73F9242E90E3}.Debug|Any CPU.ActiveCfg = Debug|Any CPU
		{4A2E11B9-BE16-40E4-A1E0-73F9242E90E3}.Debug|Any CPU.Build.0 = Debug|Any CPU
		{4A2E11B9-BE16-40E4-A1E0-73F9242E90E3}.Release|Any CPU.ActiveCfg = Release|Any CPU
		{4A2E11B9-BE16-40E4-A1E0-73F9242E90E3}.Release|Any CPU.Build.0 = Release|Any CPU
		{DEA6F490-7B1D-47AA-A2B1-18CAADC1DC8F}.Debug|Any CPU.ActiveCfg = Debug|Any CPU
		{DEA6F490-7B1D-47AA-A2B1-18CAADC1DC8F}.Debug|Any CPU.Build.0 = Debug|Any CPU
		{DEA6F490-7B1D-47AA-A2B1-18CAADC1DC8F}.Release|Any CPU.ActiveCfg = Release|Any CPU
		{DEA6F490-7B1D-47AA-A2B1-18CAADC1DC8F}.Release|Any CPU.Build.0 = Release|Any CPU
		{45824FBE-E2C9-46EC-A485-52C73D562925}.Debug|Any CPU.ActiveCfg = Debug|Any CPU
		{45824FBE-E2C9-46EC-A485-52C73D562925}.Debug|Any CPU.Build.0 = Debug|Any CPU
		{45824FBE-E2C9-46EC-A485-52C73D562925}.Release|Any CPU.ActiveCfg = Release|Any CPU
		{45824FBE-E2C9-46EC-A485-52C73D562925}.Release|Any CPU.Build.0 = Release|Any CPU
	EndGlobalSection
	GlobalSection(SolutionProperties) = preSolution
		HideSolutionNode = FALSE
	EndGlobalSection
EndGlobal
